// !$*UTF8*$!
{
	archiveVersion = 1;
	classes = {
	};
	objectVersion = 46;
	objects = {

/* Begin PBXBuildFile section */
		5A662D7C1E8EABB40084FF9C /* AppDelegate.swift in Sources */ = {isa = PBXBuildFile; fileRef = 5A662D7B1E8EABB40084FF9C /* AppDelegate.swift */; };
		5A662D811E8EABB40084FF9C /* Main.storyboard in Resources */ = {isa = PBXBuildFile; fileRef = 5A662D7F1E8EABB40084FF9C /* Main.storyboard */; };
		5A662D831E8EABB40084FF9C /* Assets.xcassets in Resources */ = {isa = PBXBuildFile; fileRef = 5A662D821E8EABB40084FF9C /* Assets.xcassets */; };
		5A662D861E8EABB40084FF9C /* LaunchScreen.storyboard in Resources */ = {isa = PBXBuildFile; fileRef = 5A662D841E8EABB40084FF9C /* LaunchScreen.storyboard */; };
		5A662D931E8EAC930084FF9C /* PairTableViewController.swift in Sources */ = {isa = PBXBuildFile; fileRef = 5A662D921E8EAC930084FF9C /* PairTableViewController.swift */; };
		5A662D971E8EB14A0084FF9C /* NameContorller.swift in Sources */ = {isa = PBXBuildFile; fileRef = 5A662D961E8EB14A0084FF9C /* NameContorller.swift */; };
		5A662D9A1E8EB2760084FF9C /* Pair.xcdatamodeld in Sources */ = {isa = PBXBuildFile; fileRef = 5A662D981E8EB2760084FF9C /* Pair.xcdatamodeld */; };
		5A662D9E1E8EB39C0084FF9C /* Object+Convenience.swift in Sources */ = {isa = PBXBuildFile; fileRef = 5A662D9D1E8EB39C0084FF9C /* Object+Convenience.swift */; };
		5A662DA01E8EB4280084FF9C /* CoreDataStack.swift in Sources */ = {isa = PBXBuildFile; fileRef = 5A662D9F1E8EB4280084FF9C /* CoreDataStack.swift */; };
/* End PBXBuildFile section */

/* Begin PBXFileReference section */
		5A662D781E8EABB40084FF9C /* Pair.app */ = {isa = PBXFileReference; explicitFileType = wrapper.application; includeInIndex = 0; path = Pair.app; sourceTree = BUILT_PRODUCTS_DIR; };
		5A662D7B1E8EABB40084FF9C /* AppDelegate.swift */ = {isa = PBXFileReference; lastKnownFileType = sourcecode.swift; path = AppDelegate.swift; sourceTree = "<group>"; };
		5A662D801E8EABB40084FF9C /* Base */ = {isa = PBXFileReference; lastKnownFileType = file.storyboard; name = Base; path = Base.lproj/Main.storyboard; sourceTree = "<group>"; };
		5A662D821E8EABB40084FF9C /* Assets.xcassets */ = {isa = PBXFileReference; lastKnownFileType = folder.assetcatalog; path = Assets.xcassets; sourceTree = "<group>"; };
		5A662D851E8EABB40084FF9C /* Base */ = {isa = PBXFileReference; lastKnownFileType = file.storyboard; name = Base; path = Base.lproj/LaunchScreen.storyboard; sourceTree = "<group>"; };
		5A662D871E8EABB40084FF9C /* Info.plist */ = {isa = PBXFileReference; lastKnownFileType = text.plist.xml; path = Info.plist; sourceTree = "<group>"; };
		5A662D921E8EAC930084FF9C /* PairTableViewController.swift */ = {isa = PBXFileReference; fileEncoding = 4; lastKnownFileType = sourcecode.swift; lineEnding = 0; path = PairTableViewController.swift; sourceTree = "<group>"; xcLanguageSpecificationIdentifier = xcode.lang.swift; };
		5A662D961E8EB14A0084FF9C /* NameContorller.swift */ = {isa = PBXFileReference; fileEncoding = 4; lastKnownFileType = sourcecode.swift; lineEnding = 0; path = NameContorller.swift; sourceTree = "<group>"; xcLanguageSpecificationIdentifier = xcode.lang.swift; };
		5A662D991E8EB2760084FF9C /* Pair.xcdatamodel */ = {isa = PBXFileReference; lastKnownFileType = wrapper.xcdatamodel; path = Pair.xcdatamodel; sourceTree = "<group>"; };
		5A662D9D1E8EB39C0084FF9C /* Object+Convenience.swift */ = {isa = PBXFileReference; fileEncoding = 4; lastKnownFileType = sourcecode.swift; lineEnding = 0; path = "Object+Convenience.swift"; sourceTree = "<group>"; xcLanguageSpecificationIdentifier = xcode.lang.swift; };
		5A662D9F1E8EB4280084FF9C /* CoreDataStack.swift */ = {isa = PBXFileReference; fileEncoding = 4; lastKnownFileType = sourcecode.swift; lineEnding = 0; path = CoreDataStack.swift; sourceTree = "<group>"; xcLanguageSpecificationIdentifier = xcode.lang.swift; };
/* End PBXFileReference section */

/* Begin PBXFrameworksBuildPhase section */
		5A662D751E8EABB40084FF9C /* Frameworks */ = {
			isa = PBXFrameworksBuildPhase;
			buildActionMask = 2147483647;
			files = (
			);
			runOnlyForDeploymentPostprocessing = 0;
		};
/* End PBXFrameworksBuildPhase section */

/* Begin PBXGroup section */
		5A662D6F1E8EABB40084FF9C = {
			isa = PBXGroup;
			children = (
				5A662D7A1E8EABB40084FF9C /* Pair */,
				5A662D791E8EABB40084FF9C /* Products */,
			);
			sourceTree = "<group>";
		};
		5A662D791E8EABB40084FF9C /* Products */ = {
			isa = PBXGroup;
			children = (
				5A662D781E8EABB40084FF9C /* Pair.app */,
			);
			name = Products;
			sourceTree = "<group>";
		};
		5A662D7A1E8EABB40084FF9C /* Pair */ = {
			isa = PBXGroup;
			children = (
				5A662D911E8EAC2A0084FF9C /* ViewController */,
				5A662D901E8EAC170084FF9C /* ModelController */,
				5A662D8F1E8EAC0E0084FF9C /* Model */,
				5A662D8D1E8EABEB0084FF9C /* StoryBoard */,
				5A662D8E1E8EABFD0084FF9C /* Resources */,
			);
			path = Pair;
			sourceTree = "<group>";
		};
		5A662D8D1E8EABEB0084FF9C /* StoryBoard */ = {
			isa = PBXGroup;
			children = (
				5A662D7F1E8EABB40084FF9C /* Main.storyboard */,
				5A662D841E8EABB40084FF9C /* LaunchScreen.storyboard */,
			);
			name = StoryBoard;
			sourceTree = "<group>";
		};
		5A662D8E1E8EABFD0084FF9C /* Resources */ = {
			isa = PBXGroup;
			children = (
				5A662D7B1E8EABB40084FF9C /* AppDelegate.swift */,
				5A662D821E8EABB40084FF9C /* Assets.xcassets */,
				5A662D871E8EABB40084FF9C /* Info.plist */,
			);
			name = Resources;
			sourceTree = "<group>";
		};
		5A662D8F1E8EAC0E0084FF9C /* Model */ = {
			isa = PBXGroup;
			children = (
				5A662D981E8EB2760084FF9C /* Pair.xcdatamodeld */,
				5A662D9F1E8EB4280084FF9C /* CoreDataStack.swift */,
				5A662D9D1E8EB39C0084FF9C /* Object+Convenience.swift */,
			);
			name = Model;
			sourceTree = "<group>";
		};
		5A662D901E8EAC170084FF9C /* ModelController */ = {
			isa = PBXGroup;
			children = (
				5A662D961E8EB14A0084FF9C /* NameContorller.swift */,
			);
			name = ModelController;
			sourceTree = "<group>";
		};
		5A662D911E8EAC2A0084FF9C /* ViewController */ = {
			isa = PBXGroup;
			children = (
				5A662D921E8EAC930084FF9C /* PairTableViewController.swift */,
			);
			name = ViewController;
			sourceTree = "<group>";
		};
/* End PBXGroup section */

/* Begin PBXNativeTarget section */
		5A662D771E8EABB40084FF9C /* Pair */ = {
			isa = PBXNativeTarget;
			buildConfigurationList = 5A662D8A1E8EABB40084FF9C /* Build configuration list for PBXNativeTarget "Pair" */;
			buildPhases = (
				5A662D741E8EABB40084FF9C /* Sources */,
				5A662D751E8EABB40084FF9C /* Frameworks */,
				5A662D761E8EABB40084FF9C /* Resources */,
			);
			buildRules = (
			);
			dependencies = (
			);
			name = Pair;
			productName = Pair;
			productReference = 5A662D781E8EABB40084FF9C /* Pair.app */;
			productType = "com.apple.product-type.application";
		};
/* End PBXNativeTarget section */

/* Begin PBXProject section */
		5A662D701E8EABB40084FF9C /* Project object */ = {
			isa = PBXProject;
			attributes = {
				LastSwiftUpdateCheck = 0830;
				LastUpgradeCheck = 0830;
				ORGANIZATIONNAME = "Taylor Phillips";
				TargetAttributes = {
					5A662D771E8EABB40084FF9C = {
						CreatedOnToolsVersion = 8.3;
						DevelopmentTeam = 8E43Z5D274;
						ProvisioningStyle = Automatic;
					};
				};
			};
			buildConfigurationList = 5A662D731E8EABB40084FF9C /* Build configuration list for PBXProject "Pair" */;
			compatibilityVersion = "Xcode 3.2";
			developmentRegion = English;
			hasScannedForEncodings = 0;
			knownRegions = (
				en,
				Base,
			);
			mainGroup = 5A662D6F1E8EABB40084FF9C;
			productRefGroup = 5A662D791E8EABB40084FF9C /* Products */;
			projectDirPath = "";
			projectRoot = "";
			targets = (
				5A662D771E8EABB40084FF9C /* Pair */,
			);
		};
/* End PBXProject section */

/* Begin PBXResourcesBuildPhase section */
		5A662D761E8EABB40084FF9C /* Resources */ = {
			isa = PBXResourcesBuildPhase;
			buildActionMask = 2147483647;
			files = (
				5A662D861E8EABB40084FF9C /* LaunchScreen.storyboard in Resources */,
				5A662D831E8EABB40084FF9C /* Assets.xcassets in Resources */,
				5A662D811E8EABB40084FF9C /* Main.storyboard in Resources */,
			);
			runOnlyForDeploymentPostprocessing = 0;
		};
/* End PBXResourcesBuildPhase section */

/* Begin PBXSourcesBuildPhase section */
		5A662D741E8EABB40084FF9C /* Sources */ = {
			isa = PBXSourcesBuildPhase;
			buildActionMask = 2147483647;
			files = (
				5A662D971E8EB14A0084FF9C /* NameContorller.swift in Sources */,
				5A662D7C1E8EABB40084FF9C /* AppDelegate.swift in Sources */,
				5A662D9A1E8EB2760084FF9C /* Pair.xcdatamodeld in Sources */,
				5A662DA01E8EB4280084FF9C /* CoreDataStack.swift in Sources */,
				5A662D9E1E8EB39C0084FF9C /* Object+Convenience.swift in Sources */,
				5A662D931E8EAC930084FF9C /* PairTableViewController.swift in Sources */,
			);
			runOnlyForDeploymentPostprocessing = 0;
		};
/* End PBXSourcesBuildPhase section */

/* Begin PBXVariantGroup section */
		5A662D7F1E8EABB40084FF9C /* Main.storyboard */ = {
			isa = PBXVariantGroup;
			children = (
				5A662D801E8EABB40084FF9C /* Base */,
			);
			name = Main.storyboard;
			sourceTree = "<group>";
		};
		5A662D841E8EABB40084FF9C /* LaunchScreen.storyboard */ = {
			isa = PBXVariantGroup;
			children = (
				5A662D851E8EABB40084FF9C /* Base */,
			);
			name = LaunchScreen.storyboard;
			sourceTree = "<group>";
		};
/* End PBXVariantGroup section */

/* Begin XCBuildConfiguration section */
		5A662D881E8EABB40084FF9C /* Debug */ = {
			isa = XCBuildConfiguration;
			buildSettings = {
				ALWAYS_SEARCH_USER_PATHS = NO;
				CLANG_ANALYZER_NONNULL = YES;
				CLANG_ANALYZER_NUMBER_OBJECT_CONVERSION = YES_AGGRESSIVE;
				CLANG_CXX_LANGUAGE_STANDARD = "gnu++0x";
				CLANG_CXX_LIBRARY = "libc++";
				CLANG_ENABLE_MODULES = YES;
				CLANG_ENABLE_OBJC_ARC = YES;
				CLANG_WARN_BOOL_CONVERSION = YES;
				CLANG_WARN_CONSTANT_CONVERSION = YES;
				CLANG_WARN_DIRECT_OBJC_ISA_USAGE = YES_ERROR;
				CLANG_WARN_DOCUMENTATION_COMMENTS = YES;
				CLANG_WARN_EMPTY_BODY = YES;
				CLANG_WARN_ENUM_CONVERSION = YES;
				CLANG_WARN_INFINITE_RECURSION = YES;
				CLANG_WARN_INT_CONVERSION = YES;
				CLANG_WARN_OBJC_ROOT_CLASS = YES_ERROR;
				CLANG_WARN_SUSPICIOUS_MOVE = YES;
				CLANG_WARN_UNREACHABLE_CODE = YES;
				CLANG_WARN__DUPLICATE_METHOD_MATCH = YES;
				"CODE_SIGN_IDENTITY[sdk=iphoneos*]" = "iPhone Developer";
				COPY_PHASE_STRIP = NO;
				DEBUG_INFORMATION_FORMAT = dwarf;
				ENABLE_STRICT_OBJC_MSGSEND = YES;
				ENABLE_TESTABILITY = YES;
				GCC_C_LANGUAGE_STANDARD = gnu99;
				GCC_DYNAMIC_NO_PIC = NO;
				GCC_NO_COMMON_BLOCKS = YES;
				GCC_OPTIMIZATION_LEVEL = 0;
				GCC_PREPROCESSOR_DEFINITIONS = (
					"DEBUG=1",
					"$(inherited)",
				);
				GCC_WARN_64_TO_32_BIT_CONVERSION = YES;
				GCC_WARN_ABOUT_RETURN_TYPE = YES_ERROR;
				GCC_WARN_UNDECLARED_SELECTOR = YES;
				GCC_WARN_UNINITIALIZED_AUTOS = YES_AGGRESSIVE;
				GCC_WARN_UNUSED_FUNCTION = YES;
				GCC_WARN_UNUSED_VARIABLE = YES;
				IPHONEOS_DEPLOYMENT_TARGET = 10.3;
				MTL_ENABLE_DEBUG_INFO = YES;
				ONLY_ACTIVE_ARCH = YES;
				SDKROOT = iphoneos;
				SWIFT_ACTIVE_COMPILATION_CONDITIONS = DEBUG;
				SWIFT_OPTIMIZATION_LEVEL = "-Onone";
				TARGETED_DEVICE_FAMILY = "1,2";
			};
			name = Debug;
		};
		5A662D891E8EABB40084FF9C /* Release */ = {
			isa = XCBuildConfiguration;
			buildSettings = {
				ALWAYS_SEARCH_USER_PATHS = NO;
				CLANG_ANALYZER_NONNULL = YES;
				CLANG_ANALYZER_NUMBER_OBJECT_CONVERSION = YES_AGGRESSIVE;
				CLANG_CXX_LANGUAGE_STANDARD = "gnu++0x";
				CLANG_CXX_LIBRARY = "libc++";
				CLANG_ENABLE_MODULES = YES;
				CLANG_ENABLE_OBJC_ARC = YES;
				CLANG_WARN_BOOL_CONVERSION = YES;
				CLANG_WARN_CONSTANT_CONVERSION = YES;
				CLANG_WARN_DIRECT_OBJC_ISA_USAGE = YES_ERROR;
				CLANG_WARN_DOCUMENTATION_COMMENTS = YES;
				CLANG_WARN_EMPTY_BODY = YES;
				CLANG_WARN_ENUM_CONVERSION = YES;
				CLANG_WARN_INFINITE_RECURSION = YES;
				CLANG_WARN_INT_CONVERSION = YES;
				CLANG_WARN_OBJC_ROOT_CLASS = YES_ERROR;
				CLANG_WARN_SUSPICIOUS_MOVE = YES;
				CLANG_WARN_UNREACHABLE_CODE = YES;
				CLANG_WARN__DUPLICATE_METHOD_MATCH = YES;
				"CODE_SIGN_IDENTITY[sdk=iphoneos*]" = "iPhone Developer";
				COPY_PHASE_STRIP = NO;
				DEBUG_INFORMATION_FORMAT = "dwarf-with-dsym";
				ENABLE_NS_ASSERTIONS = NO;
				ENABLE_STRICT_OBJC_MSGSEND = YES;
				GCC_C_LANGUAGE_STANDARD = gnu99;
				GCC_NO_COMMON_BLOCKS = YES;
				GCC_WARN_64_TO_32_BIT_CONVERSION = YES;
				GCC_WARN_ABOUT_RETURN_TYPE = YES_ERROR;
				GCC_WARN_UNDECLARED_SELECTOR = YES;
				GCC_WARN_UNINITIALIZED_AUTOS = YES_AGGRESSIVE;
				GCC_WARN_UNUSED_FUNCTION = YES;
				GCC_WARN_UNUSED_VARIABLE = YES;
				IPHONEOS_DEPLOYMENT_TARGET = 10.3;
				MTL_ENABLE_DEBUG_INFO = NO;
				SDKROOT = iphoneos;
				SWIFT_OPTIMIZATION_LEVEL = "-Owholemodule";
				TARGETED_DEVICE_FAMILY = "1,2";
				VALIDATE_PRODUCT = YES;
			};
			name = Release;
		};
		5A662D8B1E8EABB40084FF9C /* Debug */ = {
			isa = XCBuildConfiguration;
			buildSettings = {
				ASSETCATALOG_COMPILER_APPICON_NAME = AppIcon;
				DEVELOPMENT_TEAM = 8E43Z5D274;
				INFOPLIST_FILE = Pair/Info.plist;
				LD_RUNPATH_SEARCH_PATHS = "$(inherited) @executable_path/Frameworks";
				PRODUCT_BUNDLE_IDENTIFIER = com.theyawninglion.Pair;
				PRODUCT_NAME = "$(TARGET_NAME)";
				SWIFT_VERSION = 3.0;
			};
			name = Debug;
		};
		5A662D8C1E8EABB40084FF9C /* Release */ = {
			isa = XCBuildConfiguration;
			buildSettings = {
				ASSETCATALOG_COMPILER_APPICON_NAME = AppIcon;
				DEVELOPMENT_TEAM = 8E43Z5D274;
				INFOPLIST_FILE = Pair/Info.plist;
				LD_RUNPATH_SEARCH_PATHS = "$(inherited) @executable_path/Frameworks";
				PRODUCT_BUNDLE_IDENTIFIER = com.theyawninglion.Pair;
				PRODUCT_NAME = "$(TARGET_NAME)";
				SWIFT_VERSION = 3.0;
			};
			name = Release;
		};
/* End XCBuildConfiguration section */

/* Begin XCConfigurationList section */
		5A662D731E8EABB40084FF9C /* Build configuration list for PBXProject "Pair" */ = {
			isa = XCConfigurationList;
			buildConfigurations = (
				5A662D881E8EABB40084FF9C /* Debug */,
				5A662D891E8EABB40084FF9C /* Release */,
			);
			defaultConfigurationIsVisible = 0;
			defaultConfigurationName = Release;
		};
		5A662D8A1E8EABB40084FF9C /* Build configuration list for PBXNativeTarget "Pair" */ = {
			isa = XCConfigurationList;
			buildConfigurations = (
				5A662D8B1E8EABB40084FF9C /* Debug */,
				5A662D8C1E8EABB40084FF9C /* Release */,
			);
			defaultConfigurationIsVisible = 0;
		};
/* End XCConfigurationList section */

/* Begin XCVersionGroup section */
		5A662D981E8EB2760084FF9C /* Pair.xcdatamodeld */ = {
			isa = XCVersionGroup;
			children = (
				5A662D991E8EB2760084FF9C /* Pair.xcdatamodel */,
			);
			currentVersion = 5A662D991E8EB2760084FF9C /* Pair.xcdatamodel */;
			path = Pair.xcdatamodeld;
			sourceTree = "<group>";
			versionGroupType = wrapper.xcdatamodel;
		};
/* End XCVersionGroup section */
	};
	rootObject = 5A662D701E8EABB40084FF9C /* Project object */;
}
